
Microsoft Visual Studio Solution File, Format Version 12.00
# Visual Studio Version 16
VisualStudioVersion = 16.0.30907.101
MinimumVisualStudioVersion = 10.0.40219.1
Project("{FAE04EC0-301F-11D3-BF4B-00C04F79EFBC}") = "PayrollAPIDockerCompose", "PayrollAPIDockerCompose\PayrollAPIDockerCompose.csproj", "{DEBA8C69-6916-4DD0-8D03-573D87C92066}"
EndProject
Project("{E53339B2-1760-4266-BCC7-CA923CBCF16C}") = "docker-compose", "docker-compose.dcproj", "{A69462DA-2B8E-4C3A-8B8F-2A58BBAAB7FD}"
EndProject
Global
	GlobalSection(SolutionConfigurationPlatforms) = preSolution
		Debug|Any CPU = Debug|Any CPU
		Release|Any CPU = Release|Any CPU
	EndGlobalSection
	GlobalSection(ProjectConfigurationPlatforms) = postSolution
		{DEBA8C69-6916-4DD0-8D03-573D87C92066}.Debug|Any CPU.ActiveCfg = Debug|Any CPU
		{DEBA8C69-6916-4DD0-8D03-573D87C92066}.Debug|Any CPU.Build.0 = Debug|Any CPU
		{DEBA8C69-6916-4DD0-8D03-573D87C92066}.Release|Any CPU.ActiveCfg = Release|Any CPU
		{DEBA8C69-6916-4DD0-8D03-573D87C92066}.Release|Any CPU.Build.0 = Release|Any CPU
		{A69462DA-2B8E-4C3A-8B8F-2A58BBAAB7FD}.Debug|Any CPU.ActiveCfg = Debug|Any CPU
		{A69462DA-2B8E-4C3A-8B8F-2A58BBAAB7FD}.Debug|Any CPU.Build.0 = Debug|Any CPU
		{A69462DA-2B8E-4C3A-8B8F-2A58BBAAB7FD}.Release|Any CPU.ActiveCfg = Release|Any CPU
		{A69462DA-2B8E-4C3A-8B8F-2A58BBAAB7FD}.Release|Any CPU.Build.0 = Release|Any CPU
	EndGlobalSection
	GlobalSection(SolutionProperties) = preSolution
		HideSolutionNode = FALSE
	EndGlobalSection
	GlobalSection(ExtensibilityGlobals) = postSolution
		SolutionGuid = {B6CB60FC-B15B-464A-A694-6754CDF1C7A5}
	EndGlobalSection
EndGlobal
